{
  "nodes": {
    "nix-wrapper-modules": {
      "inputs": {
        "nixpkgs": "nixpkgs"
      },
      "locked": {
        "lastModified": 1788891837,
        "narHash": "sha256-3mM/4Nv4rKU17EiYOhRt0AWp0IbV5gFLlogh7yNZUwU=",
        "owner": "nix-community",
        "repo": "nix-wrapper-modules",
        "rev": "f57daa2c7c7e7af7382fbaab9a330bc39c6fd30c",
        "type": "github"
      },
      "original": {
        "owner": "nix-community",
        "repo": "nix-wrapper-modules",
        "type": "github"
      }
    },
    "nixpkgs": {
      "locked": {
        "lastModified": 1788865024,
        "narHash": "sha256-3YkAzvtt4LoE11IcBDzPshIF3fJ0aIoILqE7dAg8CLI=",
        "owner": "NixOS",
        "repo": "nixpkgs",
        "rev": "422d1ae605d7fcd9896412b37dc065c456c0eefb",
        "type": "github"
      },
      "original": {
        "owner": "NixOS",
        "ref": "nixpkgs-unstable",
        "repo": "nixpkgs",
        "type": "github"
      }
    },
    "nixpkgs_2": {
      "locked": {
        "lastModified": 1790769526,
        "narHash": "sha256-5AIVFLRcx8YAwbFTVPTs7YhwJH7JyHfAQsvXmpovcXI=",
        "owner": "NixOS",
        "repo": "nixpkgs",
        "rev": "c9fe7d12cd78d1adcd12dd15e24432dde5b155a0",
        "type": "github"
      },
      "original": {
        "owner": "NixOS",
        "ref": "nixpkgs-unstable",
        "repo": "nixpkgs",
        "type": "github"
      }
    },
    "nixpkgs_3": {
      "locked": {
        "lastModified": 1790448801,
        "narHash": "sha256-nAq6wML4elZMHNi/29VVZSEnptPMSo9JwhacZnLVPZU=",
        "owner": "NixOS",
        "repo": "nixpkgs",
        "rev": "f9bce96a417afbb9c64725f8727e42efafeafc21",
        "type": "github"
      },
      "original": {
        "owner": "NixOS",
        "ref": "nixpkgs-unstable",
        "repo": "nixpkgs",
        "type": "github"
      }
    },
    "nurpkgs": {
      "inputs": {
        "nixpkgs": "nixpkgs_3"
      },
      "locked": {
        "lastModified": 1791057989,
        "narHash": "sha256-O4aDBucU2Qahg8fhT6EtmDPwTAn5Wp7wHSom2sVrNms=",
        "owner": "josh",
        "repo": "nurpkgs",
        "rev": "7e22384da911b253afd55b135af18a857cafc9e6",
        "type": "github"
      },
      "original": {
        "owner": "josh",
        "repo": "nurpkgs",
        "type": "github"
      }
    },
    "root": {
      "inputs": {
        "nix-wrapper-modules": "nix-wrapper-modules",
        "nixpkgs": "nixpkgs_2",
        "nurpkgs": "nurpkgs"
      }
    }
  },
  "root": "root",
  "version": 7
}
