{
  "nodes": {
    "nixpkgs": {
      "locked": {
        "lastModified": 1752900028,
        "narHash": "sha256-dPALCtmik9Wr14MGqVXm+OQcv7vhPBXcWNIOThGnB/Q=",
        "owner": "NixOS",
        "repo": "nixpkgs",
        "rev": "6b4955211758ba47fac850c040a27f23b9b4008f",
        "type": "github"
      },
      "original": {
        "owner": "NixOS",
        "ref": "nixpkgs-unstable",
        "repo": "nixpkgs",
        "type": "github"
      }
    },
    "nixpkgs_2": {
      "locked": {
        "lastModified": 1752841793,
        "narHash": "sha256-pGvcN/yiJ4e3/hgvTwkyZvl6c3HuLLCY/hjEzDuQB54=",
        "owner": "NixOS",
        "repo": "nixpkgs",
        "rev": "8131c0ea9df6293a247be743a387ff725e464db7",
        "type": "github"
      },
      "original": {
        "owner": "NixOS",
        "ref": "nixpkgs-unstable",
        "repo": "nixpkgs",
        "type": "github"
      }
    },
    "nurpkgs": {
      "inputs": {
        "nixpkgs": "nixpkgs_2"
      },
      "locked": {
        "lastModified": 1752920032,
        "narHash": "sha256-TlOY+Q6ciNEBtKP415521UbAyaOLs08F9/zeyl24akA=",
        "owner": "josh",
        "repo": "nurpkgs",
        "rev": "f4e2de5eb905c37bbb7996f532d521644b632cd4",
        "type": "github"
      },
      "original": {
        "owner": "josh",
        "repo": "nurpkgs",
        "type": "github"
      }
    },
    "root": {
      "inputs": {
        "nixpkgs": "nixpkgs",
        "nurpkgs": "nurpkgs"
      }
    }
  },
  "root": "root",
  "version": 7
}
